
Microsoft Visual Studio Solution File, Format Version 12.00
# Visual Studio Version 17
VisualStudioVersion = 17.5.33530.505
MinimumVisualStudioVersion = 10.0.40219.1
Project("{FAE04EC0-301F-11D3-BF4B-00C04F79EFBC}") = "TailwindCSSIntellisense", "src\TailwindCSSIntellisense.csproj", "{43B6C233-E6F5-43FC-BD66-F1CAB9A46730}"
EndProject
Project("{2150E333-8FDC-42A3-9474-1A3956D46DE8}") = "Solution Items", "Solution Items", "{708CEB7C-9C71-49E9-A629-A6AB8D96A24D}"
	ProjectSection(SolutionItems) = preProject
		.gitignore = .gitignore
		CHANGELOG.md = CHANGELOG.md
		Getting-Started.md = Getting-Started.md
		README.md = README.md
		tailwind.extension.schema.json = tailwind.extension.schema.json
	EndProjectSection
EndProject
Project("{2150E333-8FDC-42A3-9474-1A3956D46DE8}") = "art", "art", "{691DF4C7-034E-465B-9414-4FAB187267A9}"
	ProjectSection(SolutionItems) = preProject
		art\Build-Demo-1.png = art\Build-Demo-1.png
		art\Build-Demo-2.png = art\Build-Demo-2.png
		art\Class-Sort-2.png = art\Class-Sort-2.png
		art\class-sort-demo.gif = art\class-sort-demo.gif
		art\Customizability-Build-1.png = art\Customizability-Build-1.png
		art\Customizability-Build-2.png = art\Customizability-Build-2.png
		art\IntelliSense-Demo-1.gif = art\IntelliSense-Demo-1.gif
		art\IntelliSense-Demo-2-Configuration.png = art\IntelliSense-Demo-2-Configuration.png
		art\IntelliSense-Demo-3.png = art\IntelliSense-Demo-3.png
		art\Linter.png = art\Linter.png
		art\NPM-package-json.png = art\NPM-package-json.png
		art\NPM-Shortcuts-1.png = art\NPM-Shortcuts-1.png
		art\Troubleshooting-Build.png = art\Troubleshooting-Build.png
	EndProjectSection
EndProject
Project("{2150E333-8FDC-42A3-9474-1A3956D46DE8}") = "getting-started", "getting-started", "{7975A598-01E3-4CA0-9E2C-EA6BFA25C6C4}"
	ProjectSection(SolutionItems) = preProject
		art\getting-started\ide-install.png = art\getting-started\ide-install.png
	EndProjectSection
EndProject
Global
	GlobalSection(SolutionConfigurationPlatforms) = preSolution
		Debug|Any CPU = Debug|Any CPU
		Debug|arm64 = Debug|arm64
		Debug|x86 = Debug|x86
		Release|Any CPU = Release|Any CPU
		Release|arm64 = Release|arm64
		Release|x86 = Release|x86
	EndGlobalSection
	GlobalSection(ProjectConfigurationPlatforms) = postSolution
		{43B6C233-E6F5-43FC-BD66-F1CAB9A46730}.Debug|Any CPU.ActiveCfg = Debug|Any CPU
		{43B6C233-E6F5-43FC-BD66-F1CAB9A46730}.Debug|Any CPU.Build.0 = Debug|Any CPU
		{43B6C233-E6F5-43FC-BD66-F1CAB9A46730}.Debug|arm64.ActiveCfg = Debug|arm64
		{43B6C233-E6F5-43FC-BD66-F1CAB9A46730}.Debug|arm64.Build.0 = Debug|arm64
		{43B6C233-E6F5-43FC-BD66-F1CAB9A46730}.Debug|x86.ActiveCfg = Debug|x86
		{43B6C233-E6F5-43FC-BD66-F1CAB9A46730}.Debug|x86.Build.0 = Debug|x86
		{43B6C233-E6F5-43FC-BD66-F1CAB9A46730}.Release|Any CPU.ActiveCfg = Release|Any CPU
		{43B6C233-E6F5-43FC-BD66-F1CAB9A46730}.Release|Any CPU.Build.0 = Release|Any CPU
		{43B6C233-E6F5-43FC-BD66-F1CAB9A46730}.Release|arm64.ActiveCfg = Release|arm64
		{43B6C233-E6F5-43FC-BD66-F1CAB9A46730}.Release|arm64.Build.0 = Release|arm64
		{43B6C233-E6F5-43FC-BD66-F1CAB9A46730}.Release|x86.ActiveCfg = Release|x86
		{43B6C233-E6F5-43FC-BD66-F1CAB9A46730}.Release|x86.Build.0 = Release|x86
	EndGlobalSection
	GlobalSection(SolutionProperties) = preSolution
		HideSolutionNode = FALSE
	EndGlobalSection
	GlobalSection(NestedProjects) = preSolution
		{691DF4C7-034E-465B-9414-4FAB187267A9} = {708CEB7C-9C71-49E9-A629-A6AB8D96A24D}
		{7975A598-01E3-4CA0-9E2C-EA6BFA25C6C4} = {691DF4C7-034E-465B-9414-4FAB187267A9}
	EndGlobalSection
	GlobalSection(ExtensibilityGlobals) = postSolution
		SolutionGuid = {8256AA93-DA1C-4F88-A4A4-94D338DE264A}
	EndGlobalSection
EndGlobal
